
Microsoft Visual Studio Solution File, Format Version 12.00
# Visual Studio Version 17
VisualStudioVersion = 17.13.35931.197 d17.13
MinimumVisualStudioVersion = 10.0.40219.1
Project("{FAE04EC0-301F-11D3-BF4B-00C04F79EFBC}") = "AILibrary.Console", "AILibrary.Console\AILibrary.Console.csproj", "{3AE80BF9-1068-4CD9-B5DE-EFC9DA7A9163}"
EndProject
Global
	GlobalSection(SolutionConfigurationPlatforms) = preSolution
		Debug|Any CPU = Debug|Any CPU
		Release|Any CPU = Release|Any CPU
	EndGlobalSection
	GlobalSection(ProjectConfigurationPlatforms) = postSolution
		{3AE80BF9-1068-4CD9-B5DE-EFC9DA7A9163}.Debug|Any CPU.ActiveCfg = Debug|Any CPU
		{3AE80BF9-1068-4CD9-B5DE-EFC9DA7A9163}.Debug|Any CPU.Build.0 = Debug|Any CPU
		{3AE80BF9-1068-4CD9-B5DE-EFC9DA7A9163}.Release|Any CPU.ActiveCfg = Release|Any CPU
		{3AE80BF9-1068-4CD9-B5DE-EFC9DA7A9163}.Release|Any CPU.Build.0 = Release|Any CPU
	EndGlobalSection
	GlobalSection(SolutionProperties) = preSolution
		HideSolutionNode = FALSE
	EndGlobalSection
	GlobalSection(ExtensibilityGlobals) = postSolution
		SolutionGuid = {83AF3A3F-52F5-40FE-8F2E-F303B6588CD6}
	EndGlobalSection
EndGlobal
